
Microsoft Visual Studio Solution File, Format Version 12.00
# Visual Studio Version 16
VisualStudioVersion = 16.0.33027.164
MinimumVisualStudioVersion = 10.0.40219.1
Project("{9A19103F-16F7-4668-BE54-9A1E7A4F7556}") = "CCarRentalManagement.Server", "CCarRentalManagement\Server\CCarRentalManagement.Server.csproj", "{93E52E74-2E38-433E-9D7D-4D779143D164}"
EndProject
Project("{9A19103F-16F7-4668-BE54-9A1E7A4F7556}") = "CCarRentalManagement.Client", "CCarRentalManagement\Client\CCarRentalManagement.Client.csproj", "{0F95147C-A3E6-456F-8357-353CE2F91B96}"
EndProject
Project("{9A19103F-16F7-4668-BE54-9A1E7A4F7556}") = "CCarRentalManagement.Shared", "CCarRentalManagement\Shared\CCarRentalManagement.Shared.csproj", "{3747DDBA-AF4D-4B86-BB4C-DA80AA156279}"
EndProject
Global
	GlobalSection(SolutionConfigurationPlatforms) = preSolution
		Debug|Any CPU = Debug|Any CPU
		Release|Any CPU = Release|Any CPU
	EndGlobalSection
	GlobalSection(ProjectConfigurationPlatforms) = postSolution
		{93E52E74-2E38-433E-9D7D-4D779143D164}.Debug|Any CPU.ActiveCfg = Debug|Any CPU
		{93E52E74-2E38-433E-9D7D-4D779143D164}.Debug|Any CPU.Build.0 = Debug|Any CPU
		{93E52E74-2E38-433E-9D7D-4D779143D164}.Release|Any CPU.ActiveCfg = Release|Any CPU
		{93E52E74-2E38-433E-9D7D-4D779143D164}.Release|Any CPU.Build.0 = Release|Any CPU
		{0F95147C-A3E6-456F-8357-353CE2F91B96}.Debug|Any CPU.ActiveCfg = Debug|Any CPU
		{0F95147C-A3E6-456F-8357-353CE2F91B96}.Debug|Any CPU.Build.0 = Debug|Any CPU
		{0F95147C-A3E6-456F-8357-353CE2F91B96}.Release|Any CPU.ActiveCfg = Release|Any CPU
		{0F95147C-A3E6-456F-8357-353CE2F91B96}.Release|Any CPU.Build.0 = Release|Any CPU
		{3747DDBA-AF4D-4B86-BB4C-DA80AA156279}.Debug|Any CPU.ActiveCfg = Debug|Any CPU
		{3747DDBA-AF4D-4B86-BB4C-DA80AA156279}.Debug|Any CPU.Build.0 = Debug|Any CPU
		{3747DDBA-AF4D-4B86-BB4C-DA80AA156279}.Release|Any CPU.ActiveCfg = Release|Any CPU
		{3747DDBA-AF4D-4B86-BB4C-DA80AA156279}.Release|Any CPU.Build.0 = Release|Any CPU
	EndGlobalSection
	GlobalSection(SolutionProperties) = preSolution
		HideSolutionNode = FALSE
	EndGlobalSection
	GlobalSection(ExtensibilityGlobals) = postSolution
		SolutionGuid = {EE22360A-6C74-4E12-805D-AF67631DB397}
	EndGlobalSection
EndGlobal
